
Microsoft Visual Studio Solution File, Format Version 12.00
# Visual Studio Version 17
VisualStudioVersion = 17.4.33205.214
MinimumVisualStudioVersion = 10.0.40219.1
Project("{FAE04EC0-301F-11D3-BF4B-00C04F79EFBC}") = "FindMaximumUsingGenerics", "FindMaximumUsingGenerics\FindMaximumUsingGenerics.csproj", "{3961AABF-7D7E-4B29-960D-D04D14845FA7}"
EndProject
Global
	GlobalSection(SolutionConfigurationPlatforms) = preSolution
		Debug|Any CPU = Debug|Any CPU
		Release|Any CPU = Release|Any CPU
	EndGlobalSection
	GlobalSection(ProjectConfigurationPlatforms) = postSolution
		{3961AABF-7D7E-4B29-960D-D04D14845FA7}.Debug|Any CPU.ActiveCfg = Debug|Any CPU
		{3961AABF-7D7E-4B29-960D-D04D14845FA7}.Debug|Any CPU.Build.0 = Debug|Any CPU
		{3961AABF-7D7E-4B29-960D-D04D14845FA7}.Release|Any CPU.ActiveCfg = Release|Any CPU
		{3961AABF-7D7E-4B29-960D-D04D14845FA7}.Release|Any CPU.Build.0 = Release|Any CPU
	EndGlobalSection
	GlobalSection(SolutionProperties) = preSolution
		HideSolutionNode = FALSE
	EndGlobalSection
	GlobalSection(ExtensibilityGlobals) = postSolution
		SolutionGuid = {B69AB0C3-9C97-4183-AB8F-12B9421CD9DF}
	EndGlobalSection
EndGlobal
